
Microsoft Visual Studio Solution File, Format Version 12.00
# Visual Studio Version 17
VisualStudioVersion = 17.6.33815.320
MinimumVisualStudioVersion = 10.0.40219.1
Project("{FAE04EC0-301F-11D3-BF4B-00C04F79EFBC}") = "EventsExample", "EventsExample\EventsExample.csproj", "{CC8CEBD3-14A1-4BC4-A91A-608F6527612B}"
EndProject
Global
	GlobalSection(SolutionConfigurationPlatforms) = preSolution
		Debug|Any CPU = Debug|Any CPU
		Release|Any CPU = Release|Any CPU
	EndGlobalSection
	GlobalSection(ProjectConfigurationPlatforms) = postSolution
		{CC8CEBD3-14A1-4BC4-A91A-608F6527612B}.Debug|Any CPU.ActiveCfg = Debug|Any CPU
		{CC8CEBD3-14A1-4BC4-A91A-608F6527612B}.Debug|Any CPU.Build.0 = Debug|Any CPU
		{CC8CEBD3-14A1-4BC4-A91A-608F6527612B}.Release|Any CPU.ActiveCfg = Release|Any CPU
		{CC8CEBD3-14A1-4BC4-A91A-608F6527612B}.Release|Any CPU.Build.0 = Release|Any CPU
	EndGlobalSection
	GlobalSection(SolutionProperties) = preSolution
		HideSolutionNode = FALSE
	EndGlobalSection
	GlobalSection(ExtensibilityGlobals) = postSolution
		SolutionGuid = {4980416F-3D24-43F7-9832-C699ADB2B7B8}
	EndGlobalSection
EndGlobal
